// !$*UTF8*$!
{
	archiveVersion = 1;
	classes = {
	};
	objectVersion = 56;
	objects = {

/* Begin PBXBuildFile section */
		AAA21B3B2C4A8D130069EA9B /* AppDelegate.swift in Sources */ = {isa = PBXBuildFile; fileRef = AAA21B3A2C4A8D130069EA9B /* AppDelegate.swift */; };
		AAA21B3D2C4A8D130069EA9B /* SceneDelegate.swift in Sources */ = {isa = PBXBuildFile; fileRef = AAA21B3C2C4A8D130069EA9B /* SceneDelegate.swift */; };
		AAA21B3F2C4A8D130069EA9B /* ViewController.swift in Sources */ = {isa = PBXBuildFile; fileRef = AAA21B3E2C4A8D130069EA9B /* ViewController.swift */; };
		AAA21B422C4A8D130069EA9B /* Base in Resources */ = {isa = PBXBuildFile; fileRef = AAA21B412C4A8D130069EA9B /* Base */; };
		AAA21B442C4A8D150069EA9B /* Assets.xcassets in Resources */ = {isa = PBXBuildFile; fileRef = AAA21B432C4A8D150069EA9B /* Assets.xcassets */; };
		AAA21B472C4A8D150069EA9B /* Base in Resources */ = {isa = PBXBuildFile; fileRef = AAA21B462C4A8D150069EA9B /* Base */; };
		AAA21B522C4B77F90069EA9B /* SimpleCollectionViewController.swift in Sources */ = {isa = PBXBuildFile; fileRef = AAA21B502C4B77F90069EA9B /* SimpleCollectionViewController.swift */; };
		AAA21B532C4B77F90069EA9B /* SimpleViewController.swift in Sources */ = {isa = PBXBuildFile; fileRef = AAA21B512C4B77F90069EA9B /* SimpleViewController.swift */; };
		AAA21B572C4B789D0069EA9B /* CustomBasicViewController.swift in Sources */ = {isa = PBXBuildFile; fileRef = AAA21B562C4B789D0069EA9B /* CustomBasicViewController.swift */; };
		AAA21B5B2C4B7CF50069EA9B /* SnapKit in Frameworks */ = {isa = PBXBuildFile; productRef = AAA21B5A2C4B7CF50069EA9B /* SnapKit */; };
		AAA21B5D2C4B884B0069EA9B /* SettingViewController.swift in Sources */ = {isa = PBXBuildFile; fileRef = AAA21B5C2C4B884B0069EA9B /* SettingViewController.swift */; };
/* End PBXBuildFile section */

/* Begin PBXFileReference section */
		AAA21B372C4A8D130069EA9B /* DiffableDataSource.app */ = {isa = PBXFileReference; explicitFileType = wrapper.application; includeInIndex = 0; path = DiffableDataSource.app; sourceTree = BUILT_PRODUCTS_DIR; };
		AAA21B3A2C4A8D130069EA9B /* AppDelegate.swift */ = {isa = PBXFileReference; lastKnownFileType = sourcecode.swift; path = AppDelegate.swift; sourceTree = "<group>"; };
		AAA21B3C2C4A8D130069EA9B /* SceneDelegate.swift */ = {isa = PBXFileReference; lastKnownFileType = sourcecode.swift; path = SceneDelegate.swift; sourceTree = "<group>"; };
		AAA21B3E2C4A8D130069EA9B /* ViewController.swift */ = {isa = PBXFileReference; lastKnownFileType = sourcecode.swift; path = ViewController.swift; sourceTree = "<group>"; };
		AAA21B412C4A8D130069EA9B /* Base */ = {isa = PBXFileReference; lastKnownFileType = file.storyboard; name = Base; path = Base.lproj/Main.storyboard; sourceTree = "<group>"; };
		AAA21B432C4A8D150069EA9B /* Assets.xcassets */ = {isa = PBXFileReference; lastKnownFileType = folder.assetcatalog; path = Assets.xcassets; sourceTree = "<group>"; };
		AAA21B462C4A8D150069EA9B /* Base */ = {isa = PBXFileReference; lastKnownFileType = file.storyboard; name = Base; path = Base.lproj/LaunchScreen.storyboard; sourceTree = "<group>"; };
		AAA21B482C4A8D150069EA9B /* Info.plist */ = {isa = PBXFileReference; lastKnownFileType = text.plist.xml; path = Info.plist; sourceTree = "<group>"; };
		AAA21B502C4B77F90069EA9B /* SimpleCollectionViewController.swift */ = {isa = PBXFileReference; fileEncoding = 4; lastKnownFileType = sourcecode.swift; path = SimpleCollectionViewController.swift; sourceTree = "<group>"; };
		AAA21B512C4B77F90069EA9B /* SimpleViewController.swift */ = {isa = PBXFileReference; fileEncoding = 4; lastKnownFileType = sourcecode.swift; path = SimpleViewController.swift; sourceTree = "<group>"; };
		AAA21B562C4B789D0069EA9B /* CustomBasicViewController.swift */ = {isa = PBXFileReference; lastKnownFileType = sourcecode.swift; path = CustomBasicViewController.swift; sourceTree = "<group>"; };
		AAA21B5C2C4B884B0069EA9B /* SettingViewController.swift */ = {isa = PBXFileReference; lastKnownFileType = sourcecode.swift; path = SettingViewController.swift; sourceTree = "<group>"; };
/* End PBXFileReference section */

/* Begin PBXFrameworksBuildPhase section */
		AAA21B342C4A8D130069EA9B /* Frameworks */ = {
			isa = PBXFrameworksBuildPhase;
			buildActionMask = 2147483647;
			files = (
				AAA21B5B2C4B7CF50069EA9B /* SnapKit in Frameworks */,
			);
			runOnlyForDeploymentPostprocessing = 0;
		};
/* End PBXFrameworksBuildPhase section */

/* Begin PBXGroup section */
		AAA21B2E2C4A8D130069EA9B = {
			isa = PBXGroup;
			children = (
				AAA21B392C4A8D130069EA9B /* DiffableDataSource */,
				AAA21B382C4A8D130069EA9B /* Products */,
			);
			sourceTree = "<group>";
		};
		AAA21B382C4A8D130069EA9B /* Products */ = {
			isa = PBXGroup;
			children = (
				AAA21B372C4A8D130069EA9B /* DiffableDataSource.app */,
			);
			name = Products;
			sourceTree = "<group>";
		};
		AAA21B392C4A8D130069EA9B /* DiffableDataSource */ = {
			isa = PBXGroup;
			children = (
				AAA21B582C4B78A70069EA9B /* 과제 */,
				AAA21B552C4B78520069EA9B /* 커스텀 */,
				AAA21B542C4B78490069EA9B /* 수업 */,
				AAA21B3A2C4A8D130069EA9B /* AppDelegate.swift */,
				AAA21B3C2C4A8D130069EA9B /* SceneDelegate.swift */,
				AAA21B3E2C4A8D130069EA9B /* ViewController.swift */,
				AAA21B402C4A8D130069EA9B /* Main.storyboard */,
				AAA21B432C4A8D150069EA9B /* Assets.xcassets */,
				AAA21B452C4A8D150069EA9B /* LaunchScreen.storyboard */,
				AAA21B482C4A8D150069EA9B /* Info.plist */,
			);
			path = DiffableDataSource;
			sourceTree = "<group>";
		};
		AAA21B542C4B78490069EA9B /* 수업 */ = {
			isa = PBXGroup;
			children = (
				AAA21B502C4B77F90069EA9B /* SimpleCollectionViewController.swift */,
				AAA21B512C4B77F90069EA9B /* SimpleViewController.swift */,
			);
			name = "수업";
			path = "수업";
			sourceTree = "<group>";
		};
		AAA21B552C4B78520069EA9B /* 커스텀 */ = {
			isa = PBXGroup;
			children = (
				AAA21B562C4B789D0069EA9B /* CustomBasicViewController.swift */,
			);
			name = "커스텀";
			path = "커스텀";
			sourceTree = "<group>";
		};
		AAA21B582C4B78A70069EA9B /* 과제 */ = {
			isa = PBXGroup;
			children = (
				AAA21B5C2C4B884B0069EA9B /* SettingViewController.swift */,
			);
			name = "과제";
			path = "과제";
			sourceTree = "<group>";
		};
/* End PBXGroup section */

/* Begin PBXNativeTarget section */
		AAA21B362C4A8D130069EA9B /* DiffableDataSource */ = {
			isa = PBXNativeTarget;
			buildConfigurationList = AAA21B4B2C4A8D150069EA9B /* Build configuration list for PBXNativeTarget "DiffableDataSource" */;
			buildPhases = (
				AAA21B332C4A8D130069EA9B /* Sources */,
				AAA21B342C4A8D130069EA9B /* Frameworks */,
				AAA21B352C4A8D130069EA9B /* Resources */,
			);
			buildRules = (
			);
			dependencies = (
			);
			name = DiffableDataSource;
			packageProductDependencies = (
				AAA21B5A2C4B7CF50069EA9B /* SnapKit */,
			);
			productName = DiffableDataSource;
			productReference = AAA21B372C4A8D130069EA9B /* DiffableDataSource.app */;
			productType = "com.apple.product-type.application";
		};
/* End PBXNativeTarget section */

/* Begin PBXProject section */
		AAA21B2F2C4A8D130069EA9B /* Project object */ = {
			isa = PBXProject;
			attributes = {
				BuildIndependentTargetsInParallel = 1;
				LastSwiftUpdateCheck = 1540;
				LastUpgradeCheck = 1540;
				TargetAttributes = {
					AAA21B362C4A8D130069EA9B = {
						CreatedOnToolsVersion = 15.4;
					};
				};
			};
			buildConfigurationList = AAA21B322C4A8D130069EA9B /* Build configuration list for PBXProject "DiffableDataSource" */;
			compatibilityVersion = "Xcode 14.0";
			developmentRegion = en;
			hasScannedForEncodings = 0;
			knownRegions = (
				en,
				Base,
			);
			mainGroup = AAA21B2E2C4A8D130069EA9B;
			packageReferences = (
				AAA21B592C4B7CF50069EA9B /* XCRemoteSwiftPackageReference "SnapKit" */,
			);
			productRefGroup = AAA21B382C4A8D130069EA9B /* Products */;
			projectDirPath = "";
			projectRoot = "";
			targets = (
				AAA21B362C4A8D130069EA9B /* DiffableDataSource */,
			);
		};
/* End PBXProject section */

/* Begin PBXResourcesBuildPhase section */
		AAA21B352C4A8D130069EA9B /* Resources */ = {
			isa = PBXResourcesBuildPhase;
			buildActionMask = 2147483647;
			files = (
				AAA21B442C4A8D150069EA9B /* Assets.xcassets in Resources */,
				AAA21B472C4A8D150069EA9B /* Base in Resources */,
				AAA21B422C4A8D130069EA9B /* Base in Resources */,
			);
			runOnlyForDeploymentPostprocessing = 0;
		};
/* End PBXResourcesBuildPhase section */

/* Begin PBXSourcesBuildPhase section */
		AAA21B332C4A8D130069EA9B /* Sources */ = {
			isa = PBXSourcesBuildPhase;
			buildActionMask = 2147483647;
			files = (
				AAA21B532C4B77F90069EA9B /* SimpleViewController.swift in Sources */,
				AAA21B522C4B77F90069EA9B /* SimpleCollectionViewController.swift in Sources */,
				AAA21B572C4B789D0069EA9B /* CustomBasicViewController.swift in Sources */,
				AAA21B3F2C4A8D130069EA9B /* ViewController.swift in Sources */,
				AAA21B3B2C4A8D130069EA9B /* AppDelegate.swift in Sources */,
				AAA21B5D2C4B884B0069EA9B /* SettingViewController.swift in Sources */,
				AAA21B3D2C4A8D130069EA9B /* SceneDelegate.swift in Sources */,
			);
			runOnlyForDeploymentPostprocessing = 0;
		};
/* End PBXSourcesBuildPhase section */

/* Begin PBXVariantGroup section */
		AAA21B402C4A8D130069EA9B /* Main.storyboard */ = {
			isa = PBXVariantGroup;
			children = (
				AAA21B412C4A8D130069EA9B /* Base */,
			);
			name = Main.storyboard;
			sourceTree = "<group>";
		};
		AAA21B452C4A8D150069EA9B /* LaunchScreen.storyboard */ = {
			isa = PBXVariantGroup;
			children = (
				AAA21B462C4A8D150069EA9B /* Base */,
			);
			name = LaunchScreen.storyboard;
			sourceTree = "<group>";
		};
/* End PBXVariantGroup section */

/* Begin XCBuildConfiguration section */
		AAA21B492C4A8D150069EA9B /* Debug */ = {
			isa = XCBuildConfiguration;
			buildSettings = {
				ALWAYS_SEARCH_USER_PATHS = NO;
				ASSETCATALOG_COMPILER_GENERATE_SWIFT_ASSET_SYMBOL_EXTENSIONS = YES;
				CLANG_ANALYZER_NONNULL = YES;
				CLANG_ANALYZER_NUMBER_OBJECT_CONVERSION = YES_AGGRESSIVE;
				CLANG_CXX_LANGUAGE_STANDARD = "gnu++20";
				CLANG_ENABLE_MODULES = YES;
				CLANG_ENABLE_OBJC_ARC = YES;
				CLANG_ENABLE_OBJC_WEAK = YES;
				CLANG_WARN_BLOCK_CAPTURE_AUTORELEASING = YES;
				CLANG_WARN_BOOL_CONVERSION = YES;
				CLANG_WARN_COMMA = YES;
				CLANG_WARN_CONSTANT_CONVERSION = YES;
				CLANG_WARN_DEPRECATED_OBJC_IMPLEMENTATIONS = YES;
				CLANG_WARN_DIRECT_OBJC_ISA_USAGE = YES_ERROR;
				CLANG_WARN_DOCUMENTATION_COMMENTS = YES;
				CLANG_WARN_EMPTY_BODY = YES;
				CLANG_WARN_ENUM_CONVERSION = YES;
				CLANG_WARN_INFINITE_RECURSION = YES;
				CLANG_WARN_INT_CONVERSION = YES;
				CLANG_WARN_NON_LITERAL_NULL_CONVERSION = YES;
				CLANG_WARN_OBJC_IMPLICIT_RETAIN_SELF = YES;
				CLANG_WARN_OBJC_LITERAL_CONVERSION = YES;
				CLANG_WARN_OBJC_ROOT_CLASS = YES_ERROR;
				CLANG_WARN_QUOTED_INCLUDE_IN_FRAMEWORK_HEADER = YES;
				CLANG_WARN_RANGE_LOOP_ANALYSIS = YES;
				CLANG_WARN_STRICT_PROTOTYPES = YES;
				CLANG_WARN_SUSPICIOUS_MOVE = YES;
				CLANG_WARN_UNGUARDED_AVAILABILITY = YES_AGGRESSIVE;
				CLANG_WARN_UNREACHABLE_CODE = YES;
				CLANG_WARN__DUPLICATE_METHOD_MATCH = YES;
				COPY_PHASE_STRIP = NO;
				DEBUG_INFORMATION_FORMAT = dwarf;
				ENABLE_STRICT_OBJC_MSGSEND = YES;
				ENABLE_TESTABILITY = YES;
				ENABLE_USER_SCRIPT_SANDBOXING = YES;
				GCC_C_LANGUAGE_STANDARD = gnu17;
				GCC_DYNAMIC_NO_PIC = NO;
				GCC_NO_COMMON_BLOCKS = YES;
				GCC_OPTIMIZATION_LEVEL = 0;
				GCC_PREPROCESSOR_DEFINITIONS = (
					"DEBUG=1",
					"$(inherited)",
				);
				GCC_WARN_64_TO_32_BIT_CONVERSION = YES;
				GCC_WARN_ABOUT_RETURN_TYPE = YES_ERROR;
				GCC_WARN_UNDECLARED_SELECTOR = YES;
				GCC_WARN_UNINITIALIZED_AUTOS = YES_AGGRESSIVE;
				GCC_WARN_UNUSED_FUNCTION = YES;
				GCC_WARN_UNUSED_VARIABLE = YES;
				IPHONEOS_DEPLOYMENT_TARGET = 17.5;
				LOCALIZATION_PREFERS_STRING_CATALOGS = YES;
				MTL_ENABLE_DEBUG_INFO = INCLUDE_SOURCE;
				MTL_FAST_MATH = YES;
				ONLY_ACTIVE_ARCH = YES;
				SDKROOT = iphoneos;
				SWIFT_ACTIVE_COMPILATION_CONDITIONS = "DEBUG $(inherited)";
				SWIFT_OPTIMIZATION_LEVEL = "-Onone";
			};
			name = Debug;
		};
		AAA21B4A2C4A8D150069EA9B /* Release */ = {
			isa = XCBuildConfiguration;
			buildSettings = {
				ALWAYS_SEARCH_USER_PATHS = NO;
				ASSETCATALOG_COMPILER_GENERATE_SWIFT_ASSET_SYMBOL_EXTENSIONS = YES;
				CLANG_ANALYZER_NONNULL = YES;
				CLANG_ANALYZER_NUMBER_OBJECT_CONVERSION = YES_AGGRESSIVE;
				CLANG_CXX_LANGUAGE_STANDARD = "gnu++20";
				CLANG_ENABLE_MODULES = YES;
				CLANG_ENABLE_OBJC_ARC = YES;
				CLANG_ENABLE_OBJC_WEAK = YES;
				CLANG_WARN_BLOCK_CAPTURE_AUTORELEASING = YES;
				CLANG_WARN_BOOL_CONVERSION = YES;
				CLANG_WARN_COMMA = YES;
				CLANG_WARN_CONSTANT_CONVERSION = YES;
				CLANG_WARN_DEPRECATED_OBJC_IMPLEMENTATIONS = YES;
				CLANG_WARN_DIRECT_OBJC_ISA_USAGE = YES_ERROR;
				CLANG_WARN_DOCUMENTATION_COMMENTS = YES;
				CLANG_WARN_EMPTY_BODY = YES;
				CLANG_WARN_ENUM_CONVERSION = YES;
				CLANG_WARN_INFINITE_RECURSION = YES;
				CLANG_WARN_INT_CONVERSION = YES;
				CLANG_WARN_NON_LITERAL_NULL_CONVERSION = YES;
				CLANG_WARN_OBJC_IMPLICIT_RETAIN_SELF = YES;
				CLANG_WARN_OBJC_LITERAL_CONVERSION = YES;
				CLANG_WARN_OBJC_ROOT_CLASS = YES_ERROR;
				CLANG_WARN_QUOTED_INCLUDE_IN_FRAMEWORK_HEADER = YES;
				CLANG_WARN_RANGE_LOOP_ANALYSIS = YES;
				CLANG_WARN_STRICT_PROTOTYPES = YES;
				CLANG_WARN_SUSPICIOUS_MOVE = YES;
				CLANG_WARN_UNGUARDED_AVAILABILITY = YES_AGGRESSIVE;
				CLANG_WARN_UNREACHABLE_CODE = YES;
				CLANG_WARN__DUPLICATE_METHOD_MATCH = YES;
				COPY_PHASE_STRIP = NO;
				DEBUG_INFORMATION_FORMAT = "dwarf-with-dsym";
				ENABLE_NS_ASSERTIONS = NO;
				ENABLE_STRICT_OBJC_MSGSEND = YES;
				ENABLE_USER_SCRIPT_SANDBOXING = YES;
				GCC_C_LANGUAGE_STANDARD = gnu17;
				GCC_NO_COMMON_BLOCKS = YES;
				GCC_WARN_64_TO_32_BIT_CONVERSION = YES;
				GCC_WARN_ABOUT_RETURN_TYPE = YES_ERROR;
				GCC_WARN_UNDECLARED_SELECTOR = YES;
				GCC_WARN_UNINITIALIZED_AUTOS = YES_AGGRESSIVE;
				GCC_WARN_UNUSED_FUNCTION = YES;
				GCC_WARN_UNUSED_VARIABLE = YES;
				IPHONEOS_DEPLOYMENT_TARGET = 17.5;
				LOCALIZATION_PREFERS_STRING_CATALOGS = YES;
				MTL_ENABLE_DEBUG_INFO = NO;
				MTL_FAST_MATH = YES;
				SDKROOT = iphoneos;
				SWIFT_COMPILATION_MODE = wholemodule;
				VALIDATE_PRODUCT = YES;
			};
			name = Release;
		};
		AAA21B4C2C4A8D150069EA9B /* Debug */ = {
			isa = XCBuildConfiguration;
			buildSettings = {
				ASSETCATALOG_COMPILER_APPICON_NAME = AppIcon;
				ASSETCATALOG_COMPILER_GLOBAL_ACCENT_COLOR_NAME = AccentColor;
				CODE_SIGN_STYLE = Automatic;
				CURRENT_PROJECT_VERSION = 1;
				DEVELOPMENT_TEAM = 4KLMMMFY4D;
				GENERATE_INFOPLIST_FILE = YES;
				INFOPLIST_FILE = DiffableDataSource/Info.plist;
				INFOPLIST_KEY_UIApplicationSupportsIndirectInputEvents = YES;
				INFOPLIST_KEY_UILaunchStoryboardName = LaunchScreen;
				INFOPLIST_KEY_UIMainStoryboardFile = Main;
				INFOPLIST_KEY_UISupportedInterfaceOrientations_iPad = "UIInterfaceOrientationPortrait UIInterfaceOrientationPortraitUpsideDown UIInterfaceOrientationLandscapeLeft UIInterfaceOrientationLandscapeRight";
				INFOPLIST_KEY_UISupportedInterfaceOrientations_iPhone = "UIInterfaceOrientationPortrait UIInterfaceOrientationLandscapeLeft UIInterfaceOrientationLandscapeRight";
				LD_RUNPATH_SEARCH_PATHS = (
					"$(inherited)",
					"@executable_path/Frameworks",
				);
				MARKETING_VERSION = 1.0;
				PRODUCT_BUNDLE_IDENTIFIER = com.acasia.DiffableDataSource;
				PRODUCT_NAME = "$(TARGET_NAME)";
				SWIFT_EMIT_LOC_STRINGS = YES;
				SWIFT_VERSION = 5.0;
				TARGETED_DEVICE_FAMILY = "1,2";
			};
			name = Debug;
		};
		AAA21B4D2C4A8D150069EA9B /* Release */ = {
			isa = XCBuildConfiguration;
			buildSettings = {
				ASSETCATALOG_COMPILER_APPICON_NAME = AppIcon;
				ASSETCATALOG_COMPILER_GLOBAL_ACCENT_COLOR_NAME = AccentColor;
				CODE_SIGN_STYLE = Automatic;
				CURRENT_PROJECT_VERSION = 1;
				DEVELOPMENT_TEAM = 4KLMMMFY4D;
				GENERATE_INFOPLIST_FILE = YES;
				INFOPLIST_FILE = DiffableDataSource/Info.plist;
				INFOPLIST_KEY_UIApplicationSupportsIndirectInputEvents = YES;
				INFOPLIST_KEY_UILaunchStoryboardName = LaunchScreen;
				INFOPLIST_KEY_UIMainStoryboardFile = Main;
				INFOPLIST_KEY_UISupportedInterfaceOrientations_iPad = "UIInterfaceOrientationPortrait UIInterfaceOrientationPortraitUpsideDown UIInterfaceOrientationLandscapeLeft UIInterfaceOrientationLandscapeRight";
				INFOPLIST_KEY_UISupportedInterfaceOrientations_iPhone = "UIInterfaceOrientationPortrait UIInterfaceOrientationLandscapeLeft UIInterfaceOrientationLandscapeRight";
				LD_RUNPATH_SEARCH_PATHS = (
					"$(inherited)",
					"@executable_path/Frameworks",
				);
				MARKETING_VERSION = 1.0;
				PRODUCT_BUNDLE_IDENTIFIER = com.acasia.DiffableDataSource;
				PRODUCT_NAME = "$(TARGET_NAME)";
				SWIFT_EMIT_LOC_STRINGS = YES;
				SWIFT_VERSION = 5.0;
				TARGETED_DEVICE_FAMILY = "1,2";
			};
			name = Release;
		};
/* End XCBuildConfiguration section */

/* Begin XCConfigurationList section */
		AAA21B322C4A8D130069EA9B /* Build configuration list for PBXProject "DiffableDataSource" */ = {
			isa = XCConfigurationList;
			buildConfigurations = (
				AAA21B492C4A8D150069EA9B /* Debug */,
				AAA21B4A2C4A8D150069EA9B /* Release */,
			);
			defaultConfigurationIsVisible = 0;
			defaultConfigurationName = Release;
		};
		AAA21B4B2C4A8D150069EA9B /* Build configuration list for PBXNativeTarget "DiffableDataSource" */ = {
			isa = XCConfigurationList;
			buildConfigurations = (
				AAA21B4C2C4A8D150069EA9B /* Debug */,
				AAA21B4D2C4A8D150069EA9B /* Release */,
			);
			defaultConfigurationIsVisible = 0;
			defaultConfigurationName = Release;
		};
/* End XCConfigurationList section */

/* Begin XCRemoteSwiftPackageReference section */
		AAA21B592C4B7CF50069EA9B /* XCRemoteSwiftPackageReference "SnapKit" */ = {
			isa = XCRemoteSwiftPackageReference;
			repositoryURL = "https://github.com/SnapKit/SnapKit.git";
			requirement = {
				kind = upToNextMajorVersion;
				minimumVersion = 5.7.1;
			};
		};
/* End XCRemoteSwiftPackageReference section */

/* Begin XCSwiftPackageProductDependency section */
		AAA21B5A2C4B7CF50069EA9B /* SnapKit */ = {
			isa = XCSwiftPackageProductDependency;
			package = AAA21B592C4B7CF50069EA9B /* XCRemoteSwiftPackageReference "SnapKit" */;
			productName = SnapKit;
		};
/* End XCSwiftPackageProductDependency section */
	};
	rootObject = AAA21B2F2C4A8D130069EA9B /* Project object */;
}
